
Microsoft Visual Studio Solution File, Format Version 12.00
# Visual Studio 15
VisualStudioVersion = 15.0.28307.329
MinimumVisualStudioVersion = 10.0.40219.1
Project("{FAE04EC0-301F-11D3-BF4B-00C04F79EFBC}") = "FormulaOneStudio", "FormulaOneStudio\FormulaOneStudio.csproj", "{12C36793-AD3B-4A19-BAFF-C88A079C9DC5}"
EndProject
Project("{FAE04EC0-301F-11D3-BF4B-00C04F79EFBC}") = "FormulaOneStudioWPF", "FormulaOneStudioWPF\FormulaOneStudioWPF.csproj", "{E07A9158-DE3A-484B-9455-C34CA5C73EBD}"
EndProject
Project("{FAE04EC0-301F-11D3-BF4B-00C04F79EFBC}") = "FormulaOneDLL", "FormulaOneDLL\FormulaOneDLL.csproj", "{AB94D7E7-35D1-42FB-987A-10459032CCB4}"
EndProject
Project("{FAE04EC0-301F-11D3-BF4B-00C04F79EFBC}") = "FormulaOneASP_NetFW", "FormulaOneASP_NetFW\FormulaOneASP_NetFW.csproj", "{FD6A0784-5B26-4B6A-8DB5-96A8A926951B}"
EndProject
Global
	GlobalSection(SolutionConfigurationPlatforms) = preSolution
		Debug|Any CPU = Debug|Any CPU
		Release|Any CPU = Release|Any CPU
	EndGlobalSection
	GlobalSection(ProjectConfigurationPlatforms) = postSolution
		{12C36793-AD3B-4A19-BAFF-C88A079C9DC5}.Debug|Any CPU.ActiveCfg = Debug|Any CPU
		{12C36793-AD3B-4A19-BAFF-C88A079C9DC5}.Debug|Any CPU.Build.0 = Debug|Any CPU
		{12C36793-AD3B-4A19-BAFF-C88A079C9DC5}.Release|Any CPU.ActiveCfg = Release|Any CPU
		{12C36793-AD3B-4A19-BAFF-C88A079C9DC5}.Release|Any CPU.Build.0 = Release|Any CPU
		{E07A9158-DE3A-484B-9455-C34CA5C73EBD}.Debug|Any CPU.ActiveCfg = Debug|Any CPU
		{E07A9158-DE3A-484B-9455-C34CA5C73EBD}.Debug|Any CPU.Build.0 = Debug|Any CPU
		{E07A9158-DE3A-484B-9455-C34CA5C73EBD}.Release|Any CPU.ActiveCfg = Release|Any CPU
		{E07A9158-DE3A-484B-9455-C34CA5C73EBD}.Release|Any CPU.Build.0 = Release|Any CPU
		{AB94D7E7-35D1-42FB-987A-10459032CCB4}.Debug|Any CPU.ActiveCfg = Debug|Any CPU
		{AB94D7E7-35D1-42FB-987A-10459032CCB4}.Debug|Any CPU.Build.0 = Debug|Any CPU
		{AB94D7E7-35D1-42FB-987A-10459032CCB4}.Release|Any CPU.ActiveCfg = Release|Any CPU
		{AB94D7E7-35D1-42FB-987A-10459032CCB4}.Release|Any CPU.Build.0 = Release|Any CPU
		{FD6A0784-5B26-4B6A-8DB5-96A8A926951B}.Debug|Any CPU.ActiveCfg = Debug|Any CPU
		{FD6A0784-5B26-4B6A-8DB5-96A8A926951B}.Debug|Any CPU.Build.0 = Debug|Any CPU
		{FD6A0784-5B26-4B6A-8DB5-96A8A926951B}.Release|Any CPU.ActiveCfg = Release|Any CPU
		{FD6A0784-5B26-4B6A-8DB5-96A8A926951B}.Release|Any CPU.Build.0 = Release|Any CPU
	EndGlobalSection
	GlobalSection(SolutionProperties) = preSolution
		HideSolutionNode = FALSE
	EndGlobalSection
	GlobalSection(ExtensibilityGlobals) = postSolution
		SolutionGuid = {F9D2E616-61DC-4081-8F28-D64A68F79553}
	EndGlobalSection
EndGlobal
